// !$*UTF8*$!
{
	archiveVersion = 1;
	classes = {
	};
	objectVersion = 51;
	objects = {

/* Begin PBXBuildFile section */
		5495ACAFA07AAC7CC1BA809F /* Pods_restaurant_appTests.framework in Frameworks */ = {isa = PBXBuildFile; fileRef = 65BE15257982F1BAFE31E7EB /* Pods_restaurant_appTests.framework */; };
		8D05CF3925823D800066814D /* RoutingManager.swift in Sources */ = {isa = PBXBuildFile; fileRef = 8D05CF3825823D800066814D /* RoutingManager.swift */; };
		8D38DCA925827E7E004E3453 /* Favorite.framework in Frameworks */ = {isa = PBXBuildFile; fileRef = 8D38DCA825827E7E004E3453 /* Favorite.framework */; };
		8D38DCAA25827E7E004E3453 /* Favorite.framework in Embed Frameworks */ = {isa = PBXBuildFile; fileRef = 8D38DCA825827E7E004E3453 /* Favorite.framework */; settings = {ATTRIBUTES = (CodeSignOnCopy, RemoveHeadersOnCopy, ); }; };
		8D42A97F2581E50400DD518C /* Detail.framework in Frameworks */ = {isa = PBXBuildFile; fileRef = 8D42A97E2581E50400DD518C /* Detail.framework */; };
		8D42A9802581E50400DD518C /* Detail.framework in Embed Frameworks */ = {isa = PBXBuildFile; fileRef = 8D42A97E2581E50400DD518C /* Detail.framework */; settings = {ATTRIBUTES = (CodeSignOnCopy, RemoveHeadersOnCopy, ); }; };
		8D57601D257F631000A48FA0 /* HomeViewModelTest.swift in Sources */ = {isa = PBXBuildFile; fileRef = 8D57601C257F631000A48FA0 /* HomeViewModelTest.swift */; };
		8D6615EB258284C9007314D3 /* Home.framework in Frameworks */ = {isa = PBXBuildFile; fileRef = 8D6615EA258284C9007314D3 /* Home.framework */; };
		8D6615EC258284C9007314D3 /* Home.framework in Embed Frameworks */ = {isa = PBXBuildFile; fileRef = 8D6615EA258284C9007314D3 /* Home.framework */; settings = {ATTRIBUTES = (CodeSignOnCopy, RemoveHeadersOnCopy, ); }; };
		8D711FFF258203E80019C332 /* Common.framework in Frameworks */ = {isa = PBXBuildFile; fileRef = 8D711FFE258203E80019C332 /* Common.framework */; };
		8D712000258203E80019C332 /* Common.framework in Embed Frameworks */ = {isa = PBXBuildFile; fileRef = 8D711FFE258203E80019C332 /* Common.framework */; settings = {ATTRIBUTES = (CodeSignOnCopy, RemoveHeadersOnCopy, ); }; };
		8D98EC3E25835E76000FA5F5 /* Localizable.strings in Resources */ = {isa = PBXBuildFile; fileRef = 8D98EC4025835E76000FA5F5 /* Localizable.strings */; };
		8DDCB67C25762A7D00B46D45 /* RestaurantApp.swift in Sources */ = {isa = PBXBuildFile; fileRef = 8DDCB67B25762A7D00B46D45 /* RestaurantApp.swift */; };
		8DDCB68025762A7E00B46D45 /* Assets.xcassets in Resources */ = {isa = PBXBuildFile; fileRef = 8DDCB67F25762A7E00B46D45 /* Assets.xcassets */; };
		8DDCB68E25762A7E00B46D45 /* RestaurantAppTest.swift in Sources */ = {isa = PBXBuildFile; fileRef = 8DDCB68D25762A7E00B46D45 /* RestaurantAppTest.swift */; };
		8DDCB69925762A7E00B46D45 /* RestaurantAppUITests.swift in Sources */ = {isa = PBXBuildFile; fileRef = 8DDCB69825762A7E00B46D45 /* RestaurantAppUITests.swift */; };
		8DDCB6E62576365000B46D45 /* DependencyManager.swift in Sources */ = {isa = PBXBuildFile; fileRef = 8DDCB6E52576365000B46D45 /* DependencyManager.swift */; };
		AF62C1C4418E340127F9A7C8 /* Pods_restaurant_app_restaurant_appUITests.framework in Frameworks */ = {isa = PBXBuildFile; fileRef = FC6B6651EDD45405BEC6719F /* Pods_restaurant_app_restaurant_appUITests.framework */; };
		F50871D8060EAD3057491329 /* Pods_restaurant_app.framework in Frameworks */ = {isa = PBXBuildFile; fileRef = 0BEFACD42ACFB1A3E0AE054B /* Pods_restaurant_app.framework */; };
/* End PBXBuildFile section */

/* Begin PBXContainerItemProxy section */
		8DDCB68A25762A7E00B46D45 /* PBXContainerItemProxy */ = {
			isa = PBXContainerItemProxy;
			containerPortal = 8DDCB67025762A7D00B46D45 /* Project object */;
			proxyType = 1;
			remoteGlobalIDString = 8DDCB67725762A7D00B46D45;
			remoteInfo = "restaurant-app";
		};
		8DDCB69525762A7E00B46D45 /* PBXContainerItemProxy */ = {
			isa = PBXContainerItemProxy;
			containerPortal = 8DDCB67025762A7D00B46D45 /* Project object */;
			proxyType = 1;
			remoteGlobalIDString = 8DDCB67725762A7D00B46D45;
			remoteInfo = "restaurant-app";
		};
/* End PBXContainerItemProxy section */

/* Begin PBXCopyFilesBuildPhase section */
		8D42A9812581E50400DD518C /* Embed Frameworks */ = {
			isa = PBXCopyFilesBuildPhase;
			buildActionMask = 2147483647;
			dstPath = "";
			dstSubfolderSpec = 10;
			files = (
				8D38DCAA25827E7E004E3453 /* Favorite.framework in Embed Frameworks */,
				8D42A9802581E50400DD518C /* Detail.framework in Embed Frameworks */,
				8D712000258203E80019C332 /* Common.framework in Embed Frameworks */,
				8D6615EC258284C9007314D3 /* Home.framework in Embed Frameworks */,
			);
			name = "Embed Frameworks";
			runOnlyForDeploymentPostprocessing = 0;
		};
/* End PBXCopyFilesBuildPhase section */

/* Begin PBXFileReference section */
		0BEFACD42ACFB1A3E0AE054B /* Pods_restaurant_app.framework */ = {isa = PBXFileReference; explicitFileType = wrapper.framework; includeInIndex = 0; path = Pods_restaurant_app.framework; sourceTree = BUILT_PRODUCTS_DIR; };
		473B16CBC56FA1E40D199490 /* Pods-restaurant-app-restaurant-appUITests.release.xcconfig */ = {isa = PBXFileReference; includeInIndex = 1; lastKnownFileType = text.xcconfig; name = "Pods-restaurant-app-restaurant-appUITests.release.xcconfig"; path = "Target Support Files/Pods-restaurant-app-restaurant-appUITests/Pods-restaurant-app-restaurant-appUITests.release.xcconfig"; sourceTree = "<group>"; };
		60FBB17D74F057748383250E /* Pods-restaurant-app-restaurant-appUITests.debug.xcconfig */ = {isa = PBXFileReference; includeInIndex = 1; lastKnownFileType = text.xcconfig; name = "Pods-restaurant-app-restaurant-appUITests.debug.xcconfig"; path = "Target Support Files/Pods-restaurant-app-restaurant-appUITests/Pods-restaurant-app-restaurant-appUITests.debug.xcconfig"; sourceTree = "<group>"; };
		61E28048EAFBEA0E5C861ED6 /* Pods-restaurant-app.debug.xcconfig */ = {isa = PBXFileReference; includeInIndex = 1; lastKnownFileType = text.xcconfig; name = "Pods-restaurant-app.debug.xcconfig"; path = "Target Support Files/Pods-restaurant-app/Pods-restaurant-app.debug.xcconfig"; sourceTree = "<group>"; };
		65BE15257982F1BAFE31E7EB /* Pods_restaurant_appTests.framework */ = {isa = PBXFileReference; explicitFileType = wrapper.framework; includeInIndex = 0; path = Pods_restaurant_appTests.framework; sourceTree = BUILT_PRODUCTS_DIR; };
		8D05CF3825823D800066814D /* RoutingManager.swift */ = {isa = PBXFileReference; lastKnownFileType = sourcecode.swift; path = RoutingManager.swift; sourceTree = "<group>"; };
		8D38DCA825827E7E004E3453 /* Favorite.framework */ = {isa = PBXFileReference; explicitFileType = wrapper.framework; path = Favorite.framework; sourceTree = BUILT_PRODUCTS_DIR; };
		8D42A97E2581E50400DD518C /* Detail.framework */ = {isa = PBXFileReference; explicitFileType = wrapper.framework; path = Detail.framework; sourceTree = BUILT_PRODUCTS_DIR; };
		8D57601C257F631000A48FA0 /* HomeViewModelTest.swift */ = {isa = PBXFileReference; fileEncoding = 4; lastKnownFileType = sourcecode.swift; path = HomeViewModelTest.swift; sourceTree = "<group>"; };
		8D6615EA258284C9007314D3 /* Home.framework */ = {isa = PBXFileReference; explicitFileType = wrapper.framework; path = Home.framework; sourceTree = BUILT_PRODUCTS_DIR; };
		8D661667258323B3007314D3 /* About.framework */ = {isa = PBXFileReference; explicitFileType = wrapper.framework; path = About.framework; sourceTree = BUILT_PRODUCTS_DIR; };
		8D711FFE258203E80019C332 /* Common.framework */ = {isa = PBXFileReference; explicitFileType = wrapper.framework; path = Common.framework; sourceTree = BUILT_PRODUCTS_DIR; };
		8D98EC3F25835E76000FA5F5 /* en */ = {isa = PBXFileReference; lastKnownFileType = text.plist.strings; name = en; path = en.lproj/Localizable.strings; sourceTree = "<group>"; };
		8D98EC4325835E7A000FA5F5 /* id-ID */ = {isa = PBXFileReference; lastKnownFileType = text.plist.strings; name = "id-ID"; path = "id-ID.lproj/Localizable.strings"; sourceTree = "<group>"; };
		8DDCB67825762A7D00B46D45 /* restaurant-app.app */ = {isa = PBXFileReference; explicitFileType = wrapper.application; includeInIndex = 0; path = "restaurant-app.app"; sourceTree = BUILT_PRODUCTS_DIR; };
		8DDCB67B25762A7D00B46D45 /* RestaurantApp.swift */ = {isa = PBXFileReference; lastKnownFileType = sourcecode.swift; path = RestaurantApp.swift; sourceTree = "<group>"; };
		8DDCB67F25762A7E00B46D45 /* Assets.xcassets */ = {isa = PBXFileReference; lastKnownFileType = folder.assetcatalog; path = Assets.xcassets; sourceTree = "<group>"; };
		8DDCB68425762A7E00B46D45 /* Info.plist */ = {isa = PBXFileReference; lastKnownFileType = text.plist.xml; path = Info.plist; sourceTree = "<group>"; };
		8DDCB68925762A7E00B46D45 /* restaurant-appTests.xctest */ = {isa = PBXFileReference; explicitFileType = wrapper.cfbundle; includeInIndex = 0; path = "restaurant-appTests.xctest"; sourceTree = BUILT_PRODUCTS_DIR; };
		8DDCB68D25762A7E00B46D45 /* RestaurantAppTest.swift */ = {isa = PBXFileReference; lastKnownFileType = sourcecode.swift; path = RestaurantAppTest.swift; sourceTree = "<group>"; };
		8DDCB68F25762A7E00B46D45 /* Info.plist */ = {isa = PBXFileReference; lastKnownFileType = text.plist.xml; path = Info.plist; sourceTree = "<group>"; };
		8DDCB69425762A7E00B46D45 /* restaurant-appUITests.xctest */ = {isa = PBXFileReference; explicitFileType = wrapper.cfbundle; includeInIndex = 0; path = "restaurant-appUITests.xctest"; sourceTree = BUILT_PRODUCTS_DIR; };
		8DDCB69825762A7E00B46D45 /* RestaurantAppUITests.swift */ = {isa = PBXFileReference; lastKnownFileType = sourcecode.swift; path = RestaurantAppUITests.swift; sourceTree = "<group>"; };
		8DDCB69A25762A7E00B46D45 /* Info.plist */ = {isa = PBXFileReference; lastKnownFileType = text.plist.xml; path = Info.plist; sourceTree = "<group>"; };
		8DDCB6E52576365000B46D45 /* DependencyManager.swift */ = {isa = PBXFileReference; lastKnownFileType = sourcecode.swift; path = DependencyManager.swift; sourceTree = "<group>"; };
		CACBD10842308E558A6A8B5D /* Pods-restaurant-app.release.xcconfig */ = {isa = PBXFileReference; includeInIndex = 1; lastKnownFileType = text.xcconfig; name = "Pods-restaurant-app.release.xcconfig"; path = "Target Support Files/Pods-restaurant-app/Pods-restaurant-app.release.xcconfig"; sourceTree = "<group>"; };
		EDBEBE65662B6B4DCB5FFB88 /* Pods-restaurant-appTests.debug.xcconfig */ = {isa = PBXFileReference; includeInIndex = 1; lastKnownFileType = text.xcconfig; name = "Pods-restaurant-appTests.debug.xcconfig"; path = "Target Support Files/Pods-restaurant-appTests/Pods-restaurant-appTests.debug.xcconfig"; sourceTree = "<group>"; };
		F1C855D1409BF393E2DC5FEE /* Pods-restaurant-appTests.release.xcconfig */ = {isa = PBXFileReference; includeInIndex = 1; lastKnownFileType = text.xcconfig; name = "Pods-restaurant-appTests.release.xcconfig"; path = "Target Support Files/Pods-restaurant-appTests/Pods-restaurant-appTests.release.xcconfig"; sourceTree = "<group>"; };
		FC6B6651EDD45405BEC6719F /* Pods_restaurant_app_restaurant_appUITests.framework */ = {isa = PBXFileReference; explicitFileType = wrapper.framework; includeInIndex = 0; path = Pods_restaurant_app_restaurant_appUITests.framework; sourceTree = BUILT_PRODUCTS_DIR; };
/* End PBXFileReference section */

/* Begin PBXFrameworksBuildPhase section */
		8DDCB67525762A7D00B46D45 /* Frameworks */ = {
			isa = PBXFrameworksBuildPhase;
			buildActionMask = 2147483647;
			files = (
				8D711FFF258203E80019C332 /* Common.framework in Frameworks */,
				F50871D8060EAD3057491329 /* Pods_restaurant_app.framework in Frameworks */,
				8D38DCA925827E7E004E3453 /* Favorite.framework in Frameworks */,
				8D6615EB258284C9007314D3 /* Home.framework in Frameworks */,
				8D42A97F2581E50400DD518C /* Detail.framework in Frameworks */,
			);
			runOnlyForDeploymentPostprocessing = 0;
		};
		8DDCB68625762A7E00B46D45 /* Frameworks */ = {
			isa = PBXFrameworksBuildPhase;
			buildActionMask = 2147483647;
			files = (
				5495ACAFA07AAC7CC1BA809F /* Pods_restaurant_appTests.framework in Frameworks */,
			);
			runOnlyForDeploymentPostprocessing = 0;
		};
		8DDCB69125762A7E00B46D45 /* Frameworks */ = {
			isa = PBXFrameworksBuildPhase;
			buildActionMask = 2147483647;
			files = (
				AF62C1C4418E340127F9A7C8 /* Pods_restaurant_app_restaurant_appUITests.framework in Frameworks */,
			);
			runOnlyForDeploymentPostprocessing = 0;
		};
/* End PBXFrameworksBuildPhase section */

/* Begin PBXGroup section */
		0BC95F12ECDF27AD74371452 /* Frameworks */ = {
			isa = PBXGroup;
			children = (
				8D661667258323B3007314D3 /* About.framework */,
				8D6615EA258284C9007314D3 /* Home.framework */,
				8D38DCA825827E7E004E3453 /* Favorite.framework */,
				8D711FFE258203E80019C332 /* Common.framework */,
				8D42A97E2581E50400DD518C /* Detail.framework */,
				0BEFACD42ACFB1A3E0AE054B /* Pods_restaurant_app.framework */,
				FC6B6651EDD45405BEC6719F /* Pods_restaurant_app_restaurant_appUITests.framework */,
				65BE15257982F1BAFE31E7EB /* Pods_restaurant_appTests.framework */,
			);
			name = Frameworks;
			sourceTree = "<group>";
		};
		8D05CF3725823D780066814D /* Router */ = {
			isa = PBXGroup;
			children = (
				8D05CF3825823D800066814D /* RoutingManager.swift */,
			);
			path = Router;
			sourceTree = "<group>";
		};
		8D38DCD925828083004E3453 /* App */ = {
			isa = PBXGroup;
			children = (
				8DDCB67B25762A7D00B46D45 /* RestaurantApp.swift */,
			);
			path = App;
			sourceTree = "<group>";
		};
		8D576019257F631000A48FA0 /* Feature */ = {
			isa = PBXGroup;
			children = (
				8D57601A257F631000A48FA0 /* Home */,
			);
			path = Feature;
			sourceTree = "<group>";
		};
		8D57601A257F631000A48FA0 /* Home */ = {
			isa = PBXGroup;
			children = (
				8D57601B257F631000A48FA0 /* ViewModel */,
			);
			path = Home;
			sourceTree = "<group>";
		};
		8D57601B257F631000A48FA0 /* ViewModel */ = {
			isa = PBXGroup;
			children = (
				8D57601C257F631000A48FA0 /* HomeViewModelTest.swift */,
			);
			path = ViewModel;
			sourceTree = "<group>";
		};
		8DDCB66F25762A7D00B46D45 = {
			isa = PBXGroup;
			children = (
				8DDCB67A25762A7D00B46D45 /* restaurant-app */,
				8DDCB68C25762A7E00B46D45 /* restaurant-appTests */,
				8DDCB69725762A7E00B46D45 /* restaurant-appUITests */,
				8DDCB67925762A7D00B46D45 /* Products */,
				9BAD5C4D740F81BD43895851 /* Pods */,
				0BC95F12ECDF27AD74371452 /* Frameworks */,
			);
			sourceTree = "<group>";
		};
		8DDCB67925762A7D00B46D45 /* Products */ = {
			isa = PBXGroup;
			children = (
				8DDCB67825762A7D00B46D45 /* restaurant-app.app */,
				8DDCB68925762A7E00B46D45 /* restaurant-appTests.xctest */,
				8DDCB69425762A7E00B46D45 /* restaurant-appUITests.xctest */,
			);
			name = Products;
			sourceTree = "<group>";
		};
		8DDCB67A25762A7D00B46D45 /* restaurant-app */ = {
			isa = PBXGroup;
			children = (
				8D38DCD925828083004E3453 /* App */,
				8D05CF3725823D780066814D /* Router */,
				8DDCB6C42576345500B46D45 /* DI */,
				8DDCB6B125762B3700B46D45 /* Supporting Files */,
			);
			path = "restaurant-app";
			sourceTree = "<group>";
		};
		8DDCB68C25762A7E00B46D45 /* restaurant-appTests */ = {
			isa = PBXGroup;
			children = (
				8D576019257F631000A48FA0 /* Feature */,
				8DDCB68D25762A7E00B46D45 /* RestaurantAppTest.swift */,
				8DDCB68F25762A7E00B46D45 /* Info.plist */,
			);
			path = "restaurant-appTests";
			sourceTree = "<group>";
		};
		8DDCB69725762A7E00B46D45 /* restaurant-appUITests */ = {
			isa = PBXGroup;
			children = (
				8DDCB69825762A7E00B46D45 /* RestaurantAppUITests.swift */,
				8DDCB69A25762A7E00B46D45 /* Info.plist */,
			);
			path = "restaurant-appUITests";
			sourceTree = "<group>";
		};
		8DDCB6B125762B3700B46D45 /* Supporting Files */ = {
			isa = PBXGroup;
			children = (
				8DDCB67F25762A7E00B46D45 /* Assets.xcassets */,
				8DDCB68425762A7E00B46D45 /* Info.plist */,
				8D98EC4025835E76000FA5F5 /* Localizable.strings */,
			);
			path = "Supporting Files";
			sourceTree = "<group>";
		};
		8DDCB6C42576345500B46D45 /* DI */ = {
			isa = PBXGroup;
			children = (
				8DDCB6E52576365000B46D45 /* DependencyManager.swift */,
			);
			path = DI;
			sourceTree = "<group>";
		};
		9BAD5C4D740F81BD43895851 /* Pods */ = {
			isa = PBXGroup;
			children = (
				61E28048EAFBEA0E5C861ED6 /* Pods-restaurant-app.debug.xcconfig */,
				CACBD10842308E558A6A8B5D /* Pods-restaurant-app.release.xcconfig */,
				60FBB17D74F057748383250E /* Pods-restaurant-app-restaurant-appUITests.debug.xcconfig */,
				473B16CBC56FA1E40D199490 /* Pods-restaurant-app-restaurant-appUITests.release.xcconfig */,
				EDBEBE65662B6B4DCB5FFB88 /* Pods-restaurant-appTests.debug.xcconfig */,
				F1C855D1409BF393E2DC5FEE /* Pods-restaurant-appTests.release.xcconfig */,
			);
			path = Pods;
			sourceTree = "<group>";
		};
/* End PBXGroup section */

/* Begin PBXNativeTarget section */
		8DDCB67725762A7D00B46D45 /* restaurant-app */ = {
			isa = PBXNativeTarget;
			buildConfigurationList = 8DDCB69D25762A7E00B46D45 /* Build configuration list for PBXNativeTarget "restaurant-app" */;
			buildPhases = (
				DBEF3C34449F68A98691AB2B /* [CP] Check Pods Manifest.lock */,
				8DDCB67425762A7D00B46D45 /* Sources */,
				8DDCB67525762A7D00B46D45 /* Frameworks */,
				8DDCB67625762A7D00B46D45 /* Resources */,
				C970EA24658A28C26FA40838 /* [CP] Embed Pods Frameworks */,
				8D7C343D257A845F002F8F2C /* SwiftLint */,
				8D42A9812581E50400DD518C /* Embed Frameworks */,
			);
			buildRules = (
			);
			dependencies = (
			);
			name = "restaurant-app";
			productName = "restaurant-app";
			productReference = 8DDCB67825762A7D00B46D45 /* restaurant-app.app */;
			productType = "com.apple.product-type.application";
		};
		8DDCB68825762A7E00B46D45 /* restaurant-appTests */ = {
			isa = PBXNativeTarget;
			buildConfigurationList = 8DDCB6A025762A7E00B46D45 /* Build configuration list for PBXNativeTarget "restaurant-appTests" */;
			buildPhases = (
				49520CCE10188BD030903B72 /* [CP] Check Pods Manifest.lock */,
				8DDCB68525762A7E00B46D45 /* Sources */,
				8DDCB68625762A7E00B46D45 /* Frameworks */,
				8DDCB68725762A7E00B46D45 /* Resources */,
			);
			buildRules = (
			);
			dependencies = (
				8DDCB68B25762A7E00B46D45 /* PBXTargetDependency */,
			);
			name = "restaurant-appTests";
			productName = "restaurant-appTests";
			productReference = 8DDCB68925762A7E00B46D45 /* restaurant-appTests.xctest */;
			productType = "com.apple.product-type.bundle.unit-test";
		};
		8DDCB69325762A7E00B46D45 /* restaurant-appUITests */ = {
			isa = PBXNativeTarget;
			buildConfigurationList = 8DDCB6A325762A7E00B46D45 /* Build configuration list for PBXNativeTarget "restaurant-appUITests" */;
			buildPhases = (
				7BAB5B584ACC7AE7FAF88BC7 /* [CP] Check Pods Manifest.lock */,
				8DDCB69025762A7E00B46D45 /* Sources */,
				8DDCB69125762A7E00B46D45 /* Frameworks */,
				8DDCB69225762A7E00B46D45 /* Resources */,
				63B7D90D44C9F40014B5D2E3 /* [CP] Embed Pods Frameworks */,
			);
			buildRules = (
			);
			dependencies = (
				8DDCB69625762A7E00B46D45 /* PBXTargetDependency */,
			);
			name = "restaurant-appUITests";
			productName = "restaurant-appUITests";
			productReference = 8DDCB69425762A7E00B46D45 /* restaurant-appUITests.xctest */;
			productType = "com.apple.product-type.bundle.ui-testing";
		};
/* End PBXNativeTarget section */

/* Begin PBXProject section */
		8DDCB67025762A7D00B46D45 /* Project object */ = {
			isa = PBXProject;
			attributes = {
				LastSwiftUpdateCheck = 1220;
				LastUpgradeCheck = 1220;
				TargetAttributes = {
					8DDCB67725762A7D00B46D45 = {
						CreatedOnToolsVersion = 12.2;
					};
					8DDCB68825762A7E00B46D45 = {
						CreatedOnToolsVersion = 12.2;
						TestTargetID = 8DDCB67725762A7D00B46D45;
					};
					8DDCB69325762A7E00B46D45 = {
						CreatedOnToolsVersion = 12.2;
						TestTargetID = 8DDCB67725762A7D00B46D45;
					};
				};
			};
			buildConfigurationList = 8DDCB67325762A7D00B46D45 /* Build configuration list for PBXProject "restaurant-app" */;
			compatibilityVersion = "Xcode 9.3";
			developmentRegion = en;
			hasScannedForEncodings = 0;
			knownRegions = (
				en,
				Base,
				"id-ID",
			);
			mainGroup = 8DDCB66F25762A7D00B46D45;
			productRefGroup = 8DDCB67925762A7D00B46D45 /* Products */;
			projectDirPath = "";
			projectRoot = "";
			targets = (
				8DDCB67725762A7D00B46D45 /* restaurant-app */,
				8DDCB68825762A7E00B46D45 /* restaurant-appTests */,
				8DDCB69325762A7E00B46D45 /* restaurant-appUITests */,
			);
		};
/* End PBXProject section */

/* Begin PBXResourcesBuildPhase section */
		8DDCB67625762A7D00B46D45 /* Resources */ = {
			isa = PBXResourcesBuildPhase;
			buildActionMask = 2147483647;
			files = (
				8DDCB68025762A7E00B46D45 /* Assets.xcassets in Resources */,
				8D98EC3E25835E76000FA5F5 /* Localizable.strings in Resources */,
			);
			runOnlyForDeploymentPostprocessing = 0;
		};
		8DDCB68725762A7E00B46D45 /* Resources */ = {
			isa = PBXResourcesBuildPhase;
			buildActionMask = 2147483647;
			files = (
			);
			runOnlyForDeploymentPostprocessing = 0;
		};
		8DDCB69225762A7E00B46D45 /* Resources */ = {
			isa = PBXResourcesBuildPhase;
			buildActionMask = 2147483647;
			files = (
			);
			runOnlyForDeploymentPostprocessing = 0;
		};
/* End PBXResourcesBuildPhase section */

/* Begin PBXShellScriptBuildPhase section */
		49520CCE10188BD030903B72 /* [CP] Check Pods Manifest.lock */ = {
			isa = PBXShellScriptBuildPhase;
			buildActionMask = 2147483647;
			files = (
			);
			inputFileListPaths = (
			);
			inputPaths = (
				"${PODS_PODFILE_DIR_PATH}/Podfile.lock",
				"${PODS_ROOT}/Manifest.lock",
			);
			name = "[CP] Check Pods Manifest.lock";
			outputFileListPaths = (
			);
			outputPaths = (
				"$(DERIVED_FILE_DIR)/Pods-restaurant-appTests-checkManifestLockResult.txt",
			);
			runOnlyForDeploymentPostprocessing = 0;
			shellPath = /bin/sh;
			shellScript = "diff \"${PODS_PODFILE_DIR_PATH}/Podfile.lock\" \"${PODS_ROOT}/Manifest.lock\" > /dev/null\nif [ $? != 0 ] ; then\n    # print error to STDERR\n    echo \"error: The sandbox is not in sync with the Podfile.lock. Run 'pod install' or update your CocoaPods installation.\" >&2\n    exit 1\nfi\n# This output is used by Xcode 'outputs' to avoid re-running this script phase.\necho \"SUCCESS\" > \"${SCRIPT_OUTPUT_FILE_0}\"\n";
			showEnvVarsInLog = 0;
		};
		63B7D90D44C9F40014B5D2E3 /* [CP] Embed Pods Frameworks */ = {
			isa = PBXShellScriptBuildPhase;
			buildActionMask = 2147483647;
			files = (
			);
			inputFileListPaths = (
				"${PODS_ROOT}/Target Support Files/Pods-restaurant-app-restaurant-appUITests/Pods-restaurant-app-restaurant-appUITests-frameworks-${CONFIGURATION}-input-files.xcfilelist",
			);
			name = "[CP] Embed Pods Frameworks";
			outputFileListPaths = (
				"${PODS_ROOT}/Target Support Files/Pods-restaurant-app-restaurant-appUITests/Pods-restaurant-app-restaurant-appUITests-frameworks-${CONFIGURATION}-output-files.xcfilelist",
			);
			runOnlyForDeploymentPostprocessing = 0;
			shellPath = /bin/sh;
			shellScript = "\"${PODS_ROOT}/Target Support Files/Pods-restaurant-app-restaurant-appUITests/Pods-restaurant-app-restaurant-appUITests-frameworks.sh\"\n";
			showEnvVarsInLog = 0;
		};
		7BAB5B584ACC7AE7FAF88BC7 /* [CP] Check Pods Manifest.lock */ = {
			isa = PBXShellScriptBuildPhase;
			buildActionMask = 2147483647;
			files = (
			);
			inputFileListPaths = (
			);
			inputPaths = (
				"${PODS_PODFILE_DIR_PATH}/Podfile.lock",
				"${PODS_ROOT}/Manifest.lock",
			);
			name = "[CP] Check Pods Manifest.lock";
			outputFileListPaths = (
			);
			outputPaths = (
				"$(DERIVED_FILE_DIR)/Pods-restaurant-app-restaurant-appUITests-checkManifestLockResult.txt",
			);
			runOnlyForDeploymentPostprocessing = 0;
			shellPath = /bin/sh;
			shellScript = "diff \"${PODS_PODFILE_DIR_PATH}/Podfile.lock\" \"${PODS_ROOT}/Manifest.lock\" > /dev/null\nif [ $? != 0 ] ; then\n    # print error to STDERR\n    echo \"error: The sandbox is not in sync with the Podfile.lock. Run 'pod install' or update your CocoaPods installation.\" >&2\n    exit 1\nfi\n# This output is used by Xcode 'outputs' to avoid re-running this script phase.\necho \"SUCCESS\" > \"${SCRIPT_OUTPUT_FILE_0}\"\n";
			showEnvVarsInLog = 0;
		};
		8D7C343D257A845F002F8F2C /* SwiftLint */ = {
			isa = PBXShellScriptBuildPhase;
			buildActionMask = 2147483647;
			files = (
			);
			inputFileListPaths = (
			);
			inputPaths = (
			);
			name = SwiftLint;
			outputFileListPaths = (
			);
			outputPaths = (
			);
			runOnlyForDeploymentPostprocessing = 0;
			shellPath = /bin/sh;
			shellScript = "# Type a script or drag a script file from your workspace to insert its path.\nif which swiftlint >/dev/null; then\n  swiftlint\nelse\n  echo \"warning: SwiftLint not installed, download from https://github.com/realm/SwiftLint\"\nfi\n";
		};
		C970EA24658A28C26FA40838 /* [CP] Embed Pods Frameworks */ = {
			isa = PBXShellScriptBuildPhase;
			buildActionMask = 2147483647;
			files = (
			);
			inputFileListPaths = (
				"${PODS_ROOT}/Target Support Files/Pods-restaurant-app/Pods-restaurant-app-frameworks-${CONFIGURATION}-input-files.xcfilelist",
			);
			name = "[CP] Embed Pods Frameworks";
			outputFileListPaths = (
				"${PODS_ROOT}/Target Support Files/Pods-restaurant-app/Pods-restaurant-app-frameworks-${CONFIGURATION}-output-files.xcfilelist",
			);
			runOnlyForDeploymentPostprocessing = 0;
			shellPath = /bin/sh;
			shellScript = "\"${PODS_ROOT}/Target Support Files/Pods-restaurant-app/Pods-restaurant-app-frameworks.sh\"\n";
			showEnvVarsInLog = 0;
		};
		DBEF3C34449F68A98691AB2B /* [CP] Check Pods Manifest.lock */ = {
			isa = PBXShellScriptBuildPhase;
			buildActionMask = 2147483647;
			files = (
			);
			inputFileListPaths = (
			);
			inputPaths = (
				"${PODS_PODFILE_DIR_PATH}/Podfile.lock",
				"${PODS_ROOT}/Manifest.lock",
			);
			name = "[CP] Check Pods Manifest.lock";
			outputFileListPaths = (
			);
			outputPaths = (
				"$(DERIVED_FILE_DIR)/Pods-restaurant-app-checkManifestLockResult.txt",
			);
			runOnlyForDeploymentPostprocessing = 0;
			shellPath = /bin/sh;
			shellScript = "diff \"${PODS_PODFILE_DIR_PATH}/Podfile.lock\" \"${PODS_ROOT}/Manifest.lock\" > /dev/null\nif [ $? != 0 ] ; then\n    # print error to STDERR\n    echo \"error: The sandbox is not in sync with the Podfile.lock. Run 'pod install' or update your CocoaPods installation.\" >&2\n    exit 1\nfi\n# This output is used by Xcode 'outputs' to avoid re-running this script phase.\necho \"SUCCESS\" > \"${SCRIPT_OUTPUT_FILE_0}\"\n";
			showEnvVarsInLog = 0;
		};
/* End PBXShellScriptBuildPhase section */

/* Begin PBXSourcesBuildPhase section */
		8DDCB67425762A7D00B46D45 /* Sources */ = {
			isa = PBXSourcesBuildPhase;
			buildActionMask = 2147483647;
			files = (
				8DDCB67C25762A7D00B46D45 /* RestaurantApp.swift in Sources */,
				8D05CF3925823D800066814D /* RoutingManager.swift in Sources */,
				8DDCB6E62576365000B46D45 /* DependencyManager.swift in Sources */,
			);
			runOnlyForDeploymentPostprocessing = 0;
		};
		8DDCB68525762A7E00B46D45 /* Sources */ = {
			isa = PBXSourcesBuildPhase;
			buildActionMask = 2147483647;
			files = (
				8DDCB68E25762A7E00B46D45 /* RestaurantAppTest.swift in Sources */,
				8D57601D257F631000A48FA0 /* HomeViewModelTest.swift in Sources */,
			);
			runOnlyForDeploymentPostprocessing = 0;
		};
		8DDCB69025762A7E00B46D45 /* Sources */ = {
			isa = PBXSourcesBuildPhase;
			buildActionMask = 2147483647;
			files = (
				8DDCB69925762A7E00B46D45 /* RestaurantAppUITests.swift in Sources */,
			);
			runOnlyForDeploymentPostprocessing = 0;
		};
/* End PBXSourcesBuildPhase section */

/* Begin PBXTargetDependency section */
		8DDCB68B25762A7E00B46D45 /* PBXTargetDependency */ = {
			isa = PBXTargetDependency;
			target = 8DDCB67725762A7D00B46D45 /* restaurant-app */;
			targetProxy = 8DDCB68A25762A7E00B46D45 /* PBXContainerItemProxy */;
		};
		8DDCB69625762A7E00B46D45 /* PBXTargetDependency */ = {
			isa = PBXTargetDependency;
			target = 8DDCB67725762A7D00B46D45 /* restaurant-app */;
			targetProxy = 8DDCB69525762A7E00B46D45 /* PBXContainerItemProxy */;
		};
/* End PBXTargetDependency section */

/* Begin PBXVariantGroup section */
		8D98EC4025835E76000FA5F5 /* Localizable.strings */ = {
			isa = PBXVariantGroup;
			children = (
				8D98EC3F25835E76000FA5F5 /* en */,
				8D98EC4325835E7A000FA5F5 /* id-ID */,
			);
			name = Localizable.strings;
			sourceTree = "<group>";
		};
/* End PBXVariantGroup section */

/* Begin XCBuildConfiguration section */
		8DDCB69B25762A7E00B46D45 /* Debug */ = {
			isa = XCBuildConfiguration;
			buildSettings = {
				ALWAYS_SEARCH_USER_PATHS = NO;
				CLANG_ANALYZER_NONNULL = YES;
				CLANG_ANALYZER_NUMBER_OBJECT_CONVERSION = YES_AGGRESSIVE;
				CLANG_CXX_LANGUAGE_STANDARD = "gnu++14";
				CLANG_CXX_LIBRARY = "libc++";
				CLANG_ENABLE_MODULES = YES;
				CLANG_ENABLE_OBJC_ARC = YES;
				CLANG_ENABLE_OBJC_WEAK = YES;
				CLANG_WARN_BLOCK_CAPTURE_AUTORELEASING = YES;
				CLANG_WARN_BOOL_CONVERSION = YES;
				CLANG_WARN_COMMA = YES;
				CLANG_WARN_CONSTANT_CONVERSION = YES;
				CLANG_WARN_DEPRECATED_OBJC_IMPLEMENTATIONS = YES;
				CLANG_WARN_DIRECT_OBJC_ISA_USAGE = YES_ERROR;
				CLANG_WARN_DOCUMENTATION_COMMENTS = YES;
				CLANG_WARN_EMPTY_BODY = YES;
				CLANG_WARN_ENUM_CONVERSION = YES;
				CLANG_WARN_INFINITE_RECURSION = YES;
				CLANG_WARN_INT_CONVERSION = YES;
				CLANG_WARN_NON_LITERAL_NULL_CONVERSION = YES;
				CLANG_WARN_OBJC_IMPLICIT_RETAIN_SELF = YES;
				CLANG_WARN_OBJC_LITERAL_CONVERSION = YES;
				CLANG_WARN_OBJC_ROOT_CLASS = YES_ERROR;
				CLANG_WARN_QUOTED_INCLUDE_IN_FRAMEWORK_HEADER = YES;
				CLANG_WARN_RANGE_LOOP_ANALYSIS = YES;
				CLANG_WARN_STRICT_PROTOTYPES = YES;
				CLANG_WARN_SUSPICIOUS_MOVE = YES;
				CLANG_WARN_UNGUARDED_AVAILABILITY = YES_AGGRESSIVE;
				CLANG_WARN_UNREACHABLE_CODE = YES;
				CLANG_WARN__DUPLICATE_METHOD_MATCH = YES;
				COPY_PHASE_STRIP = NO;
				DEBUG_INFORMATION_FORMAT = dwarf;
				ENABLE_STRICT_OBJC_MSGSEND = YES;
				ENABLE_TESTABILITY = YES;
				GCC_C_LANGUAGE_STANDARD = gnu11;
				GCC_DYNAMIC_NO_PIC = NO;
				GCC_NO_COMMON_BLOCKS = YES;
				GCC_OPTIMIZATION_LEVEL = 0;
				GCC_PREPROCESSOR_DEFINITIONS = (
					"DEBUG=1",
					"$(inherited)",
				);
				GCC_WARN_64_TO_32_BIT_CONVERSION = YES;
				GCC_WARN_ABOUT_RETURN_TYPE = YES_ERROR;
				GCC_WARN_UNDECLARED_SELECTOR = YES;
				GCC_WARN_UNINITIALIZED_AUTOS = YES_AGGRESSIVE;
				GCC_WARN_UNUSED_FUNCTION = YES;
				GCC_WARN_UNUSED_VARIABLE = YES;
				IPHONEOS_DEPLOYMENT_TARGET = 14.2;
				MTL_ENABLE_DEBUG_INFO = INCLUDE_SOURCE;
				MTL_FAST_MATH = YES;
				ONLY_ACTIVE_ARCH = YES;
				SDKROOT = iphoneos;
				SWIFT_ACTIVE_COMPILATION_CONDITIONS = DEBUG;
				SWIFT_OPTIMIZATION_LEVEL = "-Onone";
			};
			name = Debug;
		};
		8DDCB69C25762A7E00B46D45 /* Release */ = {
			isa = XCBuildConfiguration;
			buildSettings = {
				ALWAYS_SEARCH_USER_PATHS = NO;
				CLANG_ANALYZER_NONNULL = YES;
				CLANG_ANALYZER_NUMBER_OBJECT_CONVERSION = YES_AGGRESSIVE;
				CLANG_CXX_LANGUAGE_STANDARD = "gnu++14";
				CLANG_CXX_LIBRARY = "libc++";
				CLANG_ENABLE_MODULES = YES;
				CLANG_ENABLE_OBJC_ARC = YES;
				CLANG_ENABLE_OBJC_WEAK = YES;
				CLANG_WARN_BLOCK_CAPTURE_AUTORELEASING = YES;
				CLANG_WARN_BOOL_CONVERSION = YES;
				CLANG_WARN_COMMA = YES;
				CLANG_WARN_CONSTANT_CONVERSION = YES;
				CLANG_WARN_DEPRECATED_OBJC_IMPLEMENTATIONS = YES;
				CLANG_WARN_DIRECT_OBJC_ISA_USAGE = YES_ERROR;
				CLANG_WARN_DOCUMENTATION_COMMENTS = YES;
				CLANG_WARN_EMPTY_BODY = YES;
				CLANG_WARN_ENUM_CONVERSION = YES;
				CLANG_WARN_INFINITE_RECURSION = YES;
				CLANG_WARN_INT_CONVERSION = YES;
				CLANG_WARN_NON_LITERAL_NULL_CONVERSION = YES;
				CLANG_WARN_OBJC_IMPLICIT_RETAIN_SELF = YES;
				CLANG_WARN_OBJC_LITERAL_CONVERSION = YES;
				CLANG_WARN_OBJC_ROOT_CLASS = YES_ERROR;
				CLANG_WARN_QUOTED_INCLUDE_IN_FRAMEWORK_HEADER = YES;
				CLANG_WARN_RANGE_LOOP_ANALYSIS = YES;
				CLANG_WARN_STRICT_PROTOTYPES = YES;
				CLANG_WARN_SUSPICIOUS_MOVE = YES;
				CLANG_WARN_UNGUARDED_AVAILABILITY = YES_AGGRESSIVE;
				CLANG_WARN_UNREACHABLE_CODE = YES;
				CLANG_WARN__DUPLICATE_METHOD_MATCH = YES;
				COPY_PHASE_STRIP = NO;
				DEBUG_INFORMATION_FORMAT = "dwarf-with-dsym";
				ENABLE_NS_ASSERTIONS = NO;
				ENABLE_STRICT_OBJC_MSGSEND = YES;
				GCC_C_LANGUAGE_STANDARD = gnu11;
				GCC_NO_COMMON_BLOCKS = YES;
				GCC_WARN_64_TO_32_BIT_CONVERSION = YES;
				GCC_WARN_ABOUT_RETURN_TYPE = YES_ERROR;
				GCC_WARN_UNDECLARED_SELECTOR = YES;
				GCC_WARN_UNINITIALIZED_AUTOS = YES_AGGRESSIVE;
				GCC_WARN_UNUSED_FUNCTION = YES;
				GCC_WARN_UNUSED_VARIABLE = YES;
				IPHONEOS_DEPLOYMENT_TARGET = 14.2;
				MTL_ENABLE_DEBUG_INFO = NO;
				MTL_FAST_MATH = YES;
				SDKROOT = iphoneos;
				SWIFT_COMPILATION_MODE = wholemodule;
				SWIFT_OPTIMIZATION_LEVEL = "-O";
				VALIDATE_PRODUCT = YES;
			};
			name = Release;
		};
		8DDCB69E25762A7E00B46D45 /* Debug */ = {
			isa = XCBuildConfiguration;
			baseConfigurationReference = 61E28048EAFBEA0E5C861ED6 /* Pods-restaurant-app.debug.xcconfig */;
			buildSettings = {
				ASSETCATALOG_COMPILER_APPICON_NAME = AppIcon;
				ASSETCATALOG_COMPILER_GLOBAL_ACCENT_COLOR_NAME = AccentColor;
				CODE_SIGN_STYLE = Manual;
				DEVELOPMENT_TEAM = "";
				ENABLE_PREVIEWS = YES;
				INFOPLIST_FILE = "restaurant-app/Supporting Files/Info.plist";
				IPHONEOS_DEPLOYMENT_TARGET = 14.2;
				LD_RUNPATH_SEARCH_PATHS = (
					"$(inherited)",
					"@executable_path/Frameworks",
				);
				PRODUCT_BUNDLE_IDENTIFIER = "dwirandh.com.restaurant-app";
				PRODUCT_NAME = "$(TARGET_NAME)";
				PROVISIONING_PROFILE_SPECIFIER = "";
				SWIFT_VERSION = 5.0;
				TARGETED_DEVICE_FAMILY = "1,2";
			};
			name = Debug;
		};
		8DDCB69F25762A7E00B46D45 /* Release */ = {
			isa = XCBuildConfiguration;
			baseConfigurationReference = CACBD10842308E558A6A8B5D /* Pods-restaurant-app.release.xcconfig */;
			buildSettings = {
				ASSETCATALOG_COMPILER_APPICON_NAME = AppIcon;
				ASSETCATALOG_COMPILER_GLOBAL_ACCENT_COLOR_NAME = AccentColor;
				CODE_SIGN_STYLE = Automatic;
				DEVELOPMENT_TEAM = 5B2L4KSFG2;
				ENABLE_PREVIEWS = YES;
				INFOPLIST_FILE = "restaurant-app/Supporting Files/Info.plist";
				IPHONEOS_DEPLOYMENT_TARGET = 14.2;
				LD_RUNPATH_SEARCH_PATHS = (
					"$(inherited)",
					"@executable_path/Frameworks",
				);
				PRODUCT_BUNDLE_IDENTIFIER = "dwirandh.com.restaurant-app";
				PRODUCT_NAME = "$(TARGET_NAME)";
				SWIFT_VERSION = 5.0;
				TARGETED_DEVICE_FAMILY = "1,2";
			};
			name = Release;
		};
		8DDCB6A125762A7E00B46D45 /* Debug */ = {
			isa = XCBuildConfiguration;
			baseConfigurationReference = EDBEBE65662B6B4DCB5FFB88 /* Pods-restaurant-appTests.debug.xcconfig */;
			buildSettings = {
				ALWAYS_EMBED_SWIFT_STANDARD_LIBRARIES = YES;
				BUNDLE_LOADER = "$(TEST_HOST)";
				CODE_SIGN_STYLE = Automatic;
				DEVELOPMENT_TEAM = 5B2L4KSFG2;
				INFOPLIST_FILE = "restaurant-appTests/Info.plist";
				IPHONEOS_DEPLOYMENT_TARGET = 14.0;
				LD_RUNPATH_SEARCH_PATHS = (
					"$(inherited)",
					"@executable_path/Frameworks",
					"@loader_path/Frameworks",
				);
				PRODUCT_BUNDLE_IDENTIFIER = "dwirandh.com.restaurant-appTests";
				PRODUCT_NAME = "$(TARGET_NAME)";
				SWIFT_VERSION = 5.0;
				TARGETED_DEVICE_FAMILY = "1,2";
				TEST_HOST = "$(BUILT_PRODUCTS_DIR)/restaurant-app.app/restaurant-app";
			};
			name = Debug;
		};
		8DDCB6A225762A7E00B46D45 /* Release */ = {
			isa = XCBuildConfiguration;
			baseConfigurationReference = F1C855D1409BF393E2DC5FEE /* Pods-restaurant-appTests.release.xcconfig */;
			buildSettings = {
				ALWAYS_EMBED_SWIFT_STANDARD_LIBRARIES = YES;
				BUNDLE_LOADER = "$(TEST_HOST)";
				CODE_SIGN_STYLE = Automatic;
				DEVELOPMENT_TEAM = 5B2L4KSFG2;
				INFOPLIST_FILE = "restaurant-appTests/Info.plist";
				IPHONEOS_DEPLOYMENT_TARGET = 14.0;
				LD_RUNPATH_SEARCH_PATHS = (
					"$(inherited)",
					"@executable_path/Frameworks",
					"@loader_path/Frameworks",
				);
				PRODUCT_BUNDLE_IDENTIFIER = "dwirandh.com.restaurant-appTests";
				PRODUCT_NAME = "$(TARGET_NAME)";
				SWIFT_VERSION = 5.0;
				TARGETED_DEVICE_FAMILY = "1,2";
				TEST_HOST = "$(BUILT_PRODUCTS_DIR)/restaurant-app.app/restaurant-app";
			};
			name = Release;
		};
		8DDCB6A425762A7E00B46D45 /* Debug */ = {
			isa = XCBuildConfiguration;
			baseConfigurationReference = 60FBB17D74F057748383250E /* Pods-restaurant-app-restaurant-appUITests.debug.xcconfig */;
			buildSettings = {
				ALWAYS_EMBED_SWIFT_STANDARD_LIBRARIES = YES;
				CODE_SIGN_STYLE = Automatic;
				DEVELOPMENT_TEAM = 5B2L4KSFG2;
				INFOPLIST_FILE = "restaurant-appUITests/Info.plist";
				LD_RUNPATH_SEARCH_PATHS = (
					"$(inherited)",
					"@executable_path/Frameworks",
					"@loader_path/Frameworks",
				);
				PRODUCT_BUNDLE_IDENTIFIER = "dwirandh.com.restaurant-appUITests";
				PRODUCT_NAME = "$(TARGET_NAME)";
				SWIFT_VERSION = 5.0;
				TARGETED_DEVICE_FAMILY = "1,2";
				TEST_TARGET_NAME = "restaurant-app";
			};
			name = Debug;
		};
		8DDCB6A525762A7E00B46D45 /* Release */ = {
			isa = XCBuildConfiguration;
			baseConfigurationReference = 473B16CBC56FA1E40D199490 /* Pods-restaurant-app-restaurant-appUITests.release.xcconfig */;
			buildSettings = {
				ALWAYS_EMBED_SWIFT_STANDARD_LIBRARIES = YES;
				CODE_SIGN_STYLE = Automatic;
				DEVELOPMENT_TEAM = 5B2L4KSFG2;
				INFOPLIST_FILE = "restaurant-appUITests/Info.plist";
				LD_RUNPATH_SEARCH_PATHS = (
					"$(inherited)",
					"@executable_path/Frameworks",
					"@loader_path/Frameworks",
				);
				PRODUCT_BUNDLE_IDENTIFIER = "dwirandh.com.restaurant-appUITests";
				PRODUCT_NAME = "$(TARGET_NAME)";
				SWIFT_VERSION = 5.0;
				TARGETED_DEVICE_FAMILY = "1,2";
				TEST_TARGET_NAME = "restaurant-app";
			};
			name = Release;
		};
/* End XCBuildConfiguration section */

/* Begin XCConfigurationList section */
		8DDCB67325762A7D00B46D45 /* Build configuration list for PBXProject "restaurant-app" */ = {
			isa = XCConfigurationList;
			buildConfigurations = (
				8DDCB69B25762A7E00B46D45 /* Debug */,
				8DDCB69C25762A7E00B46D45 /* Release */,
			);
			defaultConfigurationIsVisible = 0;
			defaultConfigurationName = Release;
		};
		8DDCB69D25762A7E00B46D45 /* Build configuration list for PBXNativeTarget "restaurant-app" */ = {
			isa = XCConfigurationList;
			buildConfigurations = (
				8DDCB69E25762A7E00B46D45 /* Debug */,
				8DDCB69F25762A7E00B46D45 /* Release */,
			);
			defaultConfigurationIsVisible = 0;
			defaultConfigurationName = Release;
		};
		8DDCB6A025762A7E00B46D45 /* Build configuration list for PBXNativeTarget "restaurant-appTests" */ = {
			isa = XCConfigurationList;
			buildConfigurations = (
				8DDCB6A125762A7E00B46D45 /* Debug */,
				8DDCB6A225762A7E00B46D45 /* Release */,
			);
			defaultConfigurationIsVisible = 0;
			defaultConfigurationName = Release;
		};
		8DDCB6A325762A7E00B46D45 /* Build configuration list for PBXNativeTarget "restaurant-appUITests" */ = {
			isa = XCConfigurationList;
			buildConfigurations = (
				8DDCB6A425762A7E00B46D45 /* Debug */,
				8DDCB6A525762A7E00B46D45 /* Release */,
			);
			defaultConfigurationIsVisible = 0;
			defaultConfigurationName = Release;
		};
/* End XCConfigurationList section */
	};
	rootObject = 8DDCB67025762A7D00B46D45 /* Project object */;
}
