<?xml version="1.0" encoding="UTF-8"?>
<Scheme
   LastUpgradeVersion = "1220"
   version = "1.3">
   <BuildAction
      parallelizeBuildables = "YES"
      buildImplicitDependencies = "YES">
      <BuildActionEntries>
         <BuildActionEntry
            buildForTesting = "YES"
            buildForRunning = "YES"
            buildForProfiling = "YES"
            buildForArchiving = "YES"
            buildForAnalyzing = "YES">
            <BuildableReference
               BuildableIdentifier = "primary"
               BlueprintIdentifier = "8DDCB67725762A7D00B46D45"
               BuildableName = "restaurant-app.app"
               BlueprintName = "restaurant-app"
               ReferencedContainer = "container:restaurant-app.xcodeproj">
            </BuildableReference>
         </BuildActionEntry>
      </BuildActionEntries>
   </BuildAction>
   <TestAction
      buildConfiguration = "Debug"
      selectedDebuggerIdentifier = "Xcode.DebuggerFoundation.Debugger.LLDB"
      selectedLauncherIdentifier = "Xcode.DebuggerFoundation.Launcher.LLDB"
      shouldUseLaunchSchemeArgsEnv = "YES"
      codeCoverageEnabled = "YES"
      onlyGenerateCoverageForSpecifiedTargets = "YES">
      <CodeCoverageTargets>
         <BuildableReference
            BuildableIdentifier = "primary"
            BlueprintIdentifier = "8DDCB67725762A7D00B46D45"
            BuildableName = "restaurant-app.app"
            BlueprintName = "restaurant-app"
            ReferencedContainer = "container:restaurant-app.xcodeproj">
         </BuildableReference>
         <BuildableReference
            BuildableIdentifier = "primary"
            BlueprintIdentifier = "8D125FC8258282AB0088684B"
            BuildableName = "Home.framework"
            BlueprintName = "Home"
            ReferencedContainer = "container:Module/Home/Home.xcodeproj">
         </BuildableReference>
         <BuildableReference
            BuildableIdentifier = "primary"
            BlueprintIdentifier = "8D711F73258202A20019C332"
            BuildableName = "Common.framework"
            BlueprintName = "Common"
            ReferencedContainer = "container:Module/Common/Common.xcodeproj">
         </BuildableReference>
         <BuildableReference
            BuildableIdentifier = "primary"
            BlueprintIdentifier = "8DEA75392581E3A300E77828"
            BuildableName = "Detail.framework"
            BlueprintName = "Detail"
            ReferencedContainer = "container:Module/Detail/Detail.xcodeproj">
         </BuildableReference>
         <BuildableReference
            BuildableIdentifier = "primary"
            BlueprintIdentifier = "8DFEBA0F2582629000245E8A"
            BuildableName = "Routing.framework"
            BlueprintName = "Routing"
            ReferencedContainer = "container:Module/Routing/Routing.xcodeproj">
         </BuildableReference>
         <BuildableReference
            BuildableIdentifier = "primary"
            BlueprintIdentifier = "8D512F4425827CB700E91D8C"
            BuildableName = "Favorite.framework"
            BlueprintName = "Favorite"
            ReferencedContainer = "container:Module/Favorite/Favorite.xcodeproj">
         </BuildableReference>
      </CodeCoverageTargets>
      <Testables>
         <TestableReference
            skipped = "NO">
            <BuildableReference
               BuildableIdentifier = "primary"
               BlueprintIdentifier = "8DDCB68825762A7E00B46D45"
               BuildableName = "restaurant-appTests.xctest"
               BlueprintName = "restaurant-appTests"
               ReferencedContainer = "container:restaurant-app.xcodeproj">
            </BuildableReference>
         </TestableReference>
         <TestableReference
            skipped = "NO">
            <BuildableReference
               BuildableIdentifier = "primary"
               BlueprintIdentifier = "8DDCB69325762A7E00B46D45"
               BuildableName = "restaurant-appUITests.xctest"
               BlueprintName = "restaurant-appUITests"
               ReferencedContainer = "container:restaurant-app.xcodeproj">
            </BuildableReference>
         </TestableReference>
         <TestableReference
            skipped = "NO">
            <BuildableReference
               BuildableIdentifier = "primary"
               BlueprintIdentifier = "8D711F43258200F10019C332"
               BuildableName = "DetailTests.xctest"
               BlueprintName = "DetailTests"
               ReferencedContainer = "container:Module/Detail/Detail.xcodeproj">
            </BuildableReference>
         </TestableReference>
         <TestableReference
            skipped = "NO">
            <BuildableReference
               BuildableIdentifier = "primary"
               BlueprintIdentifier = "8D125FD1258282AB0088684B"
               BuildableName = "HomeTests.xctest"
               BlueprintName = "HomeTests"
               ReferencedContainer = "container:Module/Home/Home.xcodeproj">
            </BuildableReference>
         </TestableReference>
      </Testables>
   </TestAction>
   <LaunchAction
      buildConfiguration = "Debug"
      selectedDebuggerIdentifier = "Xcode.DebuggerFoundation.Debugger.LLDB"
      selectedLauncherIdentifier = "Xcode.DebuggerFoundation.Launcher.LLDB"
      launchStyle = "0"
      useCustomWorkingDirectory = "NO"
      ignoresPersistentStateOnLaunch = "NO"
      debugDocumentVersioning = "YES"
      debugServiceExtension = "internal"
      allowLocationSimulation = "YES">
      <BuildableProductRunnable
         runnableDebuggingMode = "0">
         <BuildableReference
            BuildableIdentifier = "primary"
            BlueprintIdentifier = "8DDCB67725762A7D00B46D45"
            BuildableName = "restaurant-app.app"
            BlueprintName = "restaurant-app"
            ReferencedContainer = "container:restaurant-app.xcodeproj">
         </BuildableReference>
      </BuildableProductRunnable>
   </LaunchAction>
   <ProfileAction
      buildConfiguration = "Release"
      shouldUseLaunchSchemeArgsEnv = "YES"
      savedToolIdentifier = ""
      useCustomWorkingDirectory = "NO"
      debugDocumentVersioning = "YES">
      <BuildableProductRunnable
         runnableDebuggingMode = "0">
         <BuildableReference
            BuildableIdentifier = "primary"
            BlueprintIdentifier = "8DDCB67725762A7D00B46D45"
            BuildableName = "restaurant-app.app"
            BlueprintName = "restaurant-app"
            ReferencedContainer = "container:restaurant-app.xcodeproj">
         </BuildableReference>
      </BuildableProductRunnable>
   </ProfileAction>
   <AnalyzeAction
      buildConfiguration = "Debug">
   </AnalyzeAction>
   <ArchiveAction
      buildConfiguration = "Release"
      revealArchiveInOrganizer = "YES">
   </ArchiveAction>
</Scheme>
