PODS:
  - About (1.0.0)
  - Alamofire (5.4.0)
  - Realm (10.1.4):
    - Realm/Headers (= 10.1.4)
  - Realm/Headers (10.1.4)
  - RealmSwift (10.1.4):
    - Realm (= 10.1.4)
  - Resolver (1.1.4)

DEPENDENCIES:
  - About
  - Alamofire
  - RealmSwift
  - Resolver

SPEC REPOS:
  https://github.com/dwirandyh/dicoding-ios-module-spec:
    - About
  trunk:
    - Alamofire
    - Realm
    - RealmSwift
    - Resolver

SPEC CHECKSUMS:
  About: d10b3330658fbb25451d5df6f4d4556610392453
  Alamofire: 3b6a534a3df22db367e4dedeeca73d1ddfcf0e2f
  Realm: 80f4fb2971ccb9adc27a47d0955ae8e533a7030b
  RealmSwift: 0e566ca714edb377bba8ea0811eafcea0b93734e
  Resolver: 1f4c046255cbadfa97094692e16e940d4329779f

PODFILE CHECKSUM: bfccf8206ce49e3f38277d19d218c1425087e75b

COCOAPODS: 1.10.0
